{
  "requires": true,
  "lockfileVersion": 1,
  "dependencies": {
    "bettertext.css": {
      "version": "2.0.4",
      "resolved": "https://registry.npmjs.org/bettertext.css/-/bettertext.css-2.0.4.tgz",
      "integrity": "sha512-kjl2z+iLdXvr/cuc4DnhwqOmEnzb3CeCJtB8X9kriT2oyMZp9wQ/WQm8Q5W5N+uVpT1vxoQ3vZ+oH8eYGucAhQ=="
    },
    "hidden.less": {
      "version": "0.0.1",
      "resolved": "https://registry.npmjs.org/hidden.less/-/hidden.less-0.0.1.tgz",
      "integrity": "sha512-4QGm/3aqVpfq41g372DpOwR+Yzp7UeU0NVQhfPIpvNrp2sqmMbbex/CHECV2yH6H65FcNW78St4cKJtWUnL8LQ=="
    },
    "ilyabirman-likely": {
      "version": "2.3.0",
      "resolved": "https://registry.npmjs.org/ilyabirman-likely/-/ilyabirman-likely-2.3.0.tgz",
      "integrity": "sha512-094983NCk9DFSdjqLhTYDGrzVC8VN5COU5qTTyh1MADZzvpT9HKQUgXejQZWIEsZjbcRoDwvMiCf61ROYuWt2Q=="
    },
    "jquery": {
      "version": "3.3.1",
      "resolved": "https://registry.npmjs.org/jquery/-/jquery-3.3.1.tgz",
      "integrity": "sha512-Ubldcmxp5np52/ENotGxlLe6aGMvmF4R8S6tZjsP6Knsaxd/xp3Zrh50cG93lR6nPXyUFwzN3ZSOQI0wRJNdGg=="
    },
    "links.less": {
      "version": "0.0.5",
      "resolved": "https://registry.npmjs.org/links.less/-/links.less-0.0.5.tgz",
      "integrity": "sha1-4+Gpa44lOJK7I5EqIYGdfFrfa4c="
    },
    "space.less": {
      "version": "0.0.2",
      "resolved": "https://registry.npmjs.org/space.less/-/space.less-0.0.2.tgz",
      "integrity": "sha1-iH6YqDM1hHRVQni5inNLA6R5xHw="
    }
  }
}
